{
	"name": "cloudflare-datakit",
	"version": "0.0.0",
	"lockfileVersion": 3,
	"requires": true,
	"packages": {
		"": {
			"name": "cloudflare-datakit",
			"version": "0.0.0",
			"dependencies": {
				"@cloudflare/containers": "^0.0.30"
			},
			"devDependencies": {
				"typescript": "^5.5.2"
			}
		},
		"node_modules/@cloudflare/containers": {
			"version": "0.0.30",
			"resolved": "https://registry.npmjs.org/@cloudflare/containers/-/containers-0.0.30.tgz",
			"integrity": "sha512-i148xBgmyn/pje82ZIyuTr/Ae0BT/YWwa1/GTJcw6DxEjUHAzZLaBCiX446U9OeuJ2rBh/L/9FIzxX5iYNt1AQ==",
			"license": "ISC"
		},
		"node_modules/typescript": {
			"version": "5.8.3",
			"resolved": "https://registry.npmmirror.com/typescript/-/typescript-5.8.3.tgz",
			"integrity": "sha512-p1diW6TqL9L07nNxvRMM7hMMw4c5XOo/1ibL4aAIGmSAt9slTE1Xgw5KWuof2uTOvCg9BY7ZRi+GaF+7sfgPeQ==",
			"dev": true,
			"license": "Apache-2.0",
			"bin": {
				"tsc": "bin/tsc",
				"tsserver": "bin/tsserver"
			},
			"engines": {
				"node": ">=14.17"
			}
		}
	}
}
